
Microsoft Visual Studio Solution File, Format Version 12.00
# Visual Studio Version 17
VisualStudioVersion = 17.0.31717.71
MinimumVisualStudioVersion = 10.0.40219.1
Project("{9A19103F-16F7-4668-BE54-9A1E7A4F7556}") = "AzureWebsite.Library", "AzureWebsite.Library\AzureWebsite.Library.csproj", "{D6931E03-07CB-47AE-8C47-2D332E775B62}"
EndProject
Project("{9A19103F-16F7-4668-BE54-9A1E7A4F7556}") = "AzureWebsite.Function", "AzureWebsite.Function\AzureWebsite.Function.csproj", "{9A8E0E61-B984-489D-82CB-D879DE1B82D3}"
EndProject
Project("{9092AA53-FB77-4645-B42D-1CCCA6BD08BD}") = "AzureWebsite.Nodejs", "AzureWebsite.Nodejs\AzureWebsite.Nodejs.njsproj", "{25A7F855-FBE1-43F4-A0FC-8973BF472EE0}"
EndProject
Project("{9092AA53-FB77-4645-B42D-1CCCA6BD08BD}") = "AzureWebsite.NodeJsServer", "AzureWebsite.NodeJsServer\AzureWebsite.NodeJsServer.njsproj", "{1C9D27E2-3BAE-44CF-A2A9-1F8174A6F3AF}"
EndProject
Project("{9A19103F-16F7-4668-BE54-9A1E7A4F7556}") = "AzureWebsite.UnitTests", "AzureWebsite.UnitTests\AzureWebsite.UnitTests.csproj", "{FEC4C1DD-FF77-42B9-B3C2-2B31FD2C1111}"
EndProject
Project("{00D1A9C2-B5F0-4AF3-8072-F6C62B433612}") = "AzureWebsite.Database", "AzureWebsite.Database\AzureWebsite.Database.sqlproj", "{33BD5C05-A2AB-4035-A00A-2EB54C6F4005}"
EndProject
Global
	GlobalSection(SolutionConfigurationPlatforms) = preSolution
		Debug|Any CPU = Debug|Any CPU
		Release|Any CPU = Release|Any CPU
	EndGlobalSection
	GlobalSection(ProjectConfigurationPlatforms) = postSolution
		{D6931E03-07CB-47AE-8C47-2D332E775B62}.Debug|Any CPU.ActiveCfg = Debug|Any CPU
		{D6931E03-07CB-47AE-8C47-2D332E775B62}.Debug|Any CPU.Build.0 = Debug|Any CPU
		{D6931E03-07CB-47AE-8C47-2D332E775B62}.Release|Any CPU.ActiveCfg = Release|Any CPU
		{D6931E03-07CB-47AE-8C47-2D332E775B62}.Release|Any CPU.Build.0 = Release|Any CPU
		{9A8E0E61-B984-489D-82CB-D879DE1B82D3}.Debug|Any CPU.ActiveCfg = Debug|Any CPU
		{9A8E0E61-B984-489D-82CB-D879DE1B82D3}.Debug|Any CPU.Build.0 = Debug|Any CPU
		{9A8E0E61-B984-489D-82CB-D879DE1B82D3}.Release|Any CPU.ActiveCfg = Release|Any CPU
		{9A8E0E61-B984-489D-82CB-D879DE1B82D3}.Release|Any CPU.Build.0 = Release|Any CPU
		{25A7F855-FBE1-43F4-A0FC-8973BF472EE0}.Debug|Any CPU.ActiveCfg = Debug|Any CPU
		{25A7F855-FBE1-43F4-A0FC-8973BF472EE0}.Debug|Any CPU.Build.0 = Debug|Any CPU
		{25A7F855-FBE1-43F4-A0FC-8973BF472EE0}.Release|Any CPU.ActiveCfg = Release|Any CPU
		{25A7F855-FBE1-43F4-A0FC-8973BF472EE0}.Release|Any CPU.Build.0 = Release|Any CPU
		{1C9D27E2-3BAE-44CF-A2A9-1F8174A6F3AF}.Debug|Any CPU.ActiveCfg = Debug|Any CPU
		{1C9D27E2-3BAE-44CF-A2A9-1F8174A6F3AF}.Debug|Any CPU.Build.0 = Debug|Any CPU
		{1C9D27E2-3BAE-44CF-A2A9-1F8174A6F3AF}.Release|Any CPU.ActiveCfg = Release|Any CPU
		{1C9D27E2-3BAE-44CF-A2A9-1F8174A6F3AF}.Release|Any CPU.Build.0 = Release|Any CPU
		{FEC4C1DD-FF77-42B9-B3C2-2B31FD2C1111}.Debug|Any CPU.ActiveCfg = Debug|Any CPU
		{FEC4C1DD-FF77-42B9-B3C2-2B31FD2C1111}.Debug|Any CPU.Build.0 = Debug|Any CPU
		{FEC4C1DD-FF77-42B9-B3C2-2B31FD2C1111}.Release|Any CPU.ActiveCfg = Release|Any CPU
		{FEC4C1DD-FF77-42B9-B3C2-2B31FD2C1111}.Release|Any CPU.Build.0 = Release|Any CPU
		{33BD5C05-A2AB-4035-A00A-2EB54C6F4005}.Debug|Any CPU.ActiveCfg = Debug|Any CPU
		{33BD5C05-A2AB-4035-A00A-2EB54C6F4005}.Debug|Any CPU.Build.0 = Debug|Any CPU
		{33BD5C05-A2AB-4035-A00A-2EB54C6F4005}.Debug|Any CPU.Deploy.0 = Debug|Any CPU
		{33BD5C05-A2AB-4035-A00A-2EB54C6F4005}.Release|Any CPU.ActiveCfg = Release|Any CPU
		{33BD5C05-A2AB-4035-A00A-2EB54C6F4005}.Release|Any CPU.Build.0 = Release|Any CPU
		{33BD5C05-A2AB-4035-A00A-2EB54C6F4005}.Release|Any CPU.Deploy.0 = Release|Any CPU
	EndGlobalSection
	GlobalSection(SolutionProperties) = preSolution
		HideSolutionNode = FALSE
	EndGlobalSection
	GlobalSection(ExtensibilityGlobals) = postSolution
		SolutionGuid = {B4943D2B-55E2-4B95-AB66-F711CCE71123}
	EndGlobalSection
EndGlobal
